
Microsoft Visual Studio Solution File, Format Version 12.00
# Visual Studio Version 17
VisualStudioVersion = 17.3.32819.101
MinimumVisualStudioVersion = 10.0.40219.1
Project("{FAE04EC0-301F-11D3-BF4B-00C04F79EFBC}") = "Matrix Jagged", "Matrix Jagged\Matrix Jagged.csproj", "{189B07D0-8757-489C-8D34-5D37DDB21178}"
EndProject
Global
	GlobalSection(SolutionConfigurationPlatforms) = preSolution
		Debug|Any CPU = Debug|Any CPU
		Release|Any CPU = Release|Any CPU
	EndGlobalSection
	GlobalSection(ProjectConfigurationPlatforms) = postSolution
		{189B07D0-8757-489C-8D34-5D37DDB21178}.Debug|Any CPU.ActiveCfg = Debug|Any CPU
		{189B07D0-8757-489C-8D34-5D37DDB21178}.Debug|Any CPU.Build.0 = Debug|Any CPU
		{189B07D0-8757-489C-8D34-5D37DDB21178}.Release|Any CPU.ActiveCfg = Release|Any CPU
		{189B07D0-8757-489C-8D34-5D37DDB21178}.Release|Any CPU.Build.0 = Release|Any CPU
	EndGlobalSection
	GlobalSection(SolutionProperties) = preSolution
		HideSolutionNode = FALSE
	EndGlobalSection
	GlobalSection(ExtensibilityGlobals) = postSolution
		SolutionGuid = {4193E09E-9B3E-4CC4-9538-40F9992F9E9A}
	EndGlobalSection
EndGlobal
