
Microsoft Visual Studio Solution File, Format Version 12.00
# Visual Studio Version 17
VisualStudioVersion = 17.3.32922.545
MinimumVisualStudioVersion = 10.0.40219.1
Project("{FAE04EC0-301F-11D3-BF4B-00C04F79EFBC}") = "Lista DENO", "Lista DENO\Lista DENO.csproj", "{79E52C00-8274-49EC-8219-37F014EA803B}"
EndProject
Global
	GlobalSection(SolutionConfigurationPlatforms) = preSolution
		Debug|Any CPU = Debug|Any CPU
		Release|Any CPU = Release|Any CPU
	EndGlobalSection
	GlobalSection(ProjectConfigurationPlatforms) = postSolution
		{79E52C00-8274-49EC-8219-37F014EA803B}.Debug|Any CPU.ActiveCfg = Debug|Any CPU
		{79E52C00-8274-49EC-8219-37F014EA803B}.Debug|Any CPU.Build.0 = Debug|Any CPU
		{79E52C00-8274-49EC-8219-37F014EA803B}.Release|Any CPU.ActiveCfg = Release|Any CPU
		{79E52C00-8274-49EC-8219-37F014EA803B}.Release|Any CPU.Build.0 = Release|Any CPU
	EndGlobalSection
	GlobalSection(SolutionProperties) = preSolution
		HideSolutionNode = FALSE
	EndGlobalSection
	GlobalSection(ExtensibilityGlobals) = postSolution
		SolutionGuid = {56D577CF-1FAC-4786-BCCB-4EC33680E4CD}
	EndGlobalSection
EndGlobal
