
Microsoft Visual Studio Solution File, Format Version 12.00
# Visual Studio Version 17
VisualStudioVersion = 17.3.32929.385
MinimumVisualStudioVersion = 10.0.40219.1
Project("{FAE04EC0-301F-11D3-BF4B-00C04F79EFBC}") = "hashManual", "hashManual\hashManual.csproj", "{E9244E5C-B6FE-4051-A6B8-452BAC8CC392}"
EndProject
Global
	GlobalSection(SolutionConfigurationPlatforms) = preSolution
		Debug|Any CPU = Debug|Any CPU
		Release|Any CPU = Release|Any CPU
	EndGlobalSection
	GlobalSection(ProjectConfigurationPlatforms) = postSolution
		{E9244E5C-B6FE-4051-A6B8-452BAC8CC392}.Debug|Any CPU.ActiveCfg = Debug|Any CPU
		{E9244E5C-B6FE-4051-A6B8-452BAC8CC392}.Debug|Any CPU.Build.0 = Debug|Any CPU
		{E9244E5C-B6FE-4051-A6B8-452BAC8CC392}.Release|Any CPU.ActiveCfg = Release|Any CPU
		{E9244E5C-B6FE-4051-A6B8-452BAC8CC392}.Release|Any CPU.Build.0 = Release|Any CPU
	EndGlobalSection
	GlobalSection(SolutionProperties) = preSolution
		HideSolutionNode = FALSE
	EndGlobalSection
	GlobalSection(ExtensibilityGlobals) = postSolution
		SolutionGuid = {47205141-2120-4F41-A095-32FF87EE42EC}
	EndGlobalSection
EndGlobal
