
Microsoft Visual Studio Solution File, Format Version 10.00
# Visual Studio 2008
Project("{FAE04EC0-301F-11D3-BF4B-00C04F79EFBC}") = "Heap Sort", "Heap Sort\Heap Sort.csproj", "{755FE1CE-7096-44B2-9D39-9EFE8D1D7995}"
EndProject
Global
	GlobalSection(SolutionConfigurationPlatforms) = preSolution
		Debug|Any CPU = Debug|Any CPU
		Release|Any CPU = Release|Any CPU
	EndGlobalSection
	GlobalSection(ProjectConfigurationPlatforms) = postSolution
		{755FE1CE-7096-44B2-9D39-9EFE8D1D7995}.Debug|Any CPU.ActiveCfg = Debug|Any CPU
		{755FE1CE-7096-44B2-9D39-9EFE8D1D7995}.Debug|Any CPU.Build.0 = Debug|Any CPU
		{755FE1CE-7096-44B2-9D39-9EFE8D1D7995}.Release|Any CPU.ActiveCfg = Release|Any CPU
		{755FE1CE-7096-44B2-9D39-9EFE8D1D7995}.Release|Any CPU.Build.0 = Release|Any CPU
	EndGlobalSection
	GlobalSection(SolutionProperties) = preSolution
		HideSolutionNode = FALSE
	EndGlobalSection
EndGlobal
