
Microsoft Visual Studio Solution File, Format Version 12.00
# Visual Studio Version 17
VisualStudioVersion = 17.3.32929.385
MinimumVisualStudioVersion = 10.0.40219.1
Project("{FAE04EC0-301F-11D3-BF4B-00C04F79EFBC}") = "Aula 16-11", "Aula 16-11\Aula 16-11.csproj", "{528B02A7-1ACE-418A-887F-183966B2477E}"
EndProject
Global
	GlobalSection(SolutionConfigurationPlatforms) = preSolution
		Debug|Any CPU = Debug|Any CPU
		Release|Any CPU = Release|Any CPU
	EndGlobalSection
	GlobalSection(ProjectConfigurationPlatforms) = postSolution
		{528B02A7-1ACE-418A-887F-183966B2477E}.Debug|Any CPU.ActiveCfg = Debug|Any CPU
		{528B02A7-1ACE-418A-887F-183966B2477E}.Debug|Any CPU.Build.0 = Debug|Any CPU
		{528B02A7-1ACE-418A-887F-183966B2477E}.Release|Any CPU.ActiveCfg = Release|Any CPU
		{528B02A7-1ACE-418A-887F-183966B2477E}.Release|Any CPU.Build.0 = Release|Any CPU
	EndGlobalSection
	GlobalSection(SolutionProperties) = preSolution
		HideSolutionNode = FALSE
	EndGlobalSection
	GlobalSection(ExtensibilityGlobals) = postSolution
		SolutionGuid = {96FE59FE-92F1-40AE-9E5E-9A3D5D37EE0D}
	EndGlobalSection
EndGlobal
