
Microsoft Visual Studio Solution File, Format Version 12.00
# Visual Studio Version 17
VisualStudioVersion = 17.3.32929.385
MinimumVisualStudioVersion = 10.0.40219.1
Project("{FAE04EC0-301F-11D3-BF4B-00C04F79EFBC}") = "08", "08\08.csproj", "{B700D969-3F86-4188-ACB9-CF37EA7B86D2}"
EndProject
Global
	GlobalSection(SolutionConfigurationPlatforms) = preSolution
		Debug|Any CPU = Debug|Any CPU
		Release|Any CPU = Release|Any CPU
	EndGlobalSection
	GlobalSection(ProjectConfigurationPlatforms) = postSolution
		{B700D969-3F86-4188-ACB9-CF37EA7B86D2}.Debug|Any CPU.ActiveCfg = Debug|Any CPU
		{B700D969-3F86-4188-ACB9-CF37EA7B86D2}.Debug|Any CPU.Build.0 = Debug|Any CPU
		{B700D969-3F86-4188-ACB9-CF37EA7B86D2}.Release|Any CPU.ActiveCfg = Release|Any CPU
		{B700D969-3F86-4188-ACB9-CF37EA7B86D2}.Release|Any CPU.Build.0 = Release|Any CPU
	EndGlobalSection
	GlobalSection(SolutionProperties) = preSolution
		HideSolutionNode = FALSE
	EndGlobalSection
	GlobalSection(ExtensibilityGlobals) = postSolution
		SolutionGuid = {EA62BE1D-C712-424F-ADBF-805A67328B9F}
	EndGlobalSection
EndGlobal
