
Microsoft Visual Studio Solution File, Format Version 12.00
# Visual Studio Version 17
VisualStudioVersion = 17.3.32825.248
MinimumVisualStudioVersion = 10.0.40219.1
Project("{FAE04EC0-301F-11D3-BF4B-00C04F79EFBC}") = "Fibonacci Recursivo", "Fibonacci Recursivo\Fibonacci Recursivo.csproj", "{9FE8CBC3-27AE-4E56-9F8A-CA34E1B6DEF8}"
EndProject
Global
	GlobalSection(SolutionConfigurationPlatforms) = preSolution
		Debug|Any CPU = Debug|Any CPU
		Release|Any CPU = Release|Any CPU
	EndGlobalSection
	GlobalSection(ProjectConfigurationPlatforms) = postSolution
		{9FE8CBC3-27AE-4E56-9F8A-CA34E1B6DEF8}.Debug|Any CPU.ActiveCfg = Debug|Any CPU
		{9FE8CBC3-27AE-4E56-9F8A-CA34E1B6DEF8}.Debug|Any CPU.Build.0 = Debug|Any CPU
		{9FE8CBC3-27AE-4E56-9F8A-CA34E1B6DEF8}.Release|Any CPU.ActiveCfg = Release|Any CPU
		{9FE8CBC3-27AE-4E56-9F8A-CA34E1B6DEF8}.Release|Any CPU.Build.0 = Release|Any CPU
	EndGlobalSection
	GlobalSection(SolutionProperties) = preSolution
		HideSolutionNode = FALSE
	EndGlobalSection
	GlobalSection(ExtensibilityGlobals) = postSolution
		SolutionGuid = {8F73ED08-B92B-45A7-B7EA-FD8C984F5537}
	EndGlobalSection
EndGlobal
