
Microsoft Visual Studio Solution File, Format Version 12.00
# Visual Studio Version 17
VisualStudioVersion = 17.2.32602.215
MinimumVisualStudioVersion = 10.0.40219.1
Project("{FAE04EC0-301F-11D3-BF4B-00C04F79EFBC}") = "ConversorBinario", "ConversorBinario\ConversorBinario.csproj", "{C2FE0FAD-DAE5-4AA0-AE6B-12E9AC4DCBAE}"
EndProject
Global
	GlobalSection(SolutionConfigurationPlatforms) = preSolution
		Debug|Any CPU = Debug|Any CPU
		Release|Any CPU = Release|Any CPU
	EndGlobalSection
	GlobalSection(ProjectConfigurationPlatforms) = postSolution
		{C2FE0FAD-DAE5-4AA0-AE6B-12E9AC4DCBAE}.Debug|Any CPU.ActiveCfg = Debug|Any CPU
		{C2FE0FAD-DAE5-4AA0-AE6B-12E9AC4DCBAE}.Debug|Any CPU.Build.0 = Debug|Any CPU
		{C2FE0FAD-DAE5-4AA0-AE6B-12E9AC4DCBAE}.Release|Any CPU.ActiveCfg = Release|Any CPU
		{C2FE0FAD-DAE5-4AA0-AE6B-12E9AC4DCBAE}.Release|Any CPU.Build.0 = Release|Any CPU
	EndGlobalSection
	GlobalSection(SolutionProperties) = preSolution
		HideSolutionNode = FALSE
	EndGlobalSection
	GlobalSection(ExtensibilityGlobals) = postSolution
		SolutionGuid = {B3E2449A-3600-44C7-B7FD-35A9C9E08A55}
	EndGlobalSection
EndGlobal
