
Microsoft Visual Studio Solution File, Format Version 12.00
# Visual Studio Version 17
VisualStudioVersion = 17.2.32602.215
MinimumVisualStudioVersion = 10.0.40219.1
Project("{FAE04EC0-301F-11D3-BF4B-00C04F79EFBC}") = "TestePrimo", "TestePrimo\TestePrimo.csproj", "{32E750F1-03B7-4671-A31E-A7D6C20B39BB}"
EndProject
Global
	GlobalSection(SolutionConfigurationPlatforms) = preSolution
		Debug|Any CPU = Debug|Any CPU
		Release|Any CPU = Release|Any CPU
	EndGlobalSection
	GlobalSection(ProjectConfigurationPlatforms) = postSolution
		{32E750F1-03B7-4671-A31E-A7D6C20B39BB}.Debug|Any CPU.ActiveCfg = Debug|Any CPU
		{32E750F1-03B7-4671-A31E-A7D6C20B39BB}.Debug|Any CPU.Build.0 = Debug|Any CPU
		{32E750F1-03B7-4671-A31E-A7D6C20B39BB}.Release|Any CPU.ActiveCfg = Release|Any CPU
		{32E750F1-03B7-4671-A31E-A7D6C20B39BB}.Release|Any CPU.Build.0 = Release|Any CPU
	EndGlobalSection
	GlobalSection(SolutionProperties) = preSolution
		HideSolutionNode = FALSE
	EndGlobalSection
	GlobalSection(ExtensibilityGlobals) = postSolution
		SolutionGuid = {9C8CE5E0-E8FE-451F-BD12-1EE0A2F4D55B}
	EndGlobalSection
EndGlobal
