
Microsoft Visual Studio Solution File, Format Version 12.00
# Visual Studio Version 17
VisualStudioVersion = 17.3.32922.545
MinimumVisualStudioVersion = 10.0.40219.1
Project("{FAE04EC0-301F-11D3-BF4B-00C04F79EFBC}") = "07", "07\07.csproj", "{95A64687-EF58-4DDD-9A9A-E609E8F85056}"
EndProject
Global
	GlobalSection(SolutionConfigurationPlatforms) = preSolution
		Debug|Any CPU = Debug|Any CPU
		Release|Any CPU = Release|Any CPU
	EndGlobalSection
	GlobalSection(ProjectConfigurationPlatforms) = postSolution
		{95A64687-EF58-4DDD-9A9A-E609E8F85056}.Debug|Any CPU.ActiveCfg = Debug|Any CPU
		{95A64687-EF58-4DDD-9A9A-E609E8F85056}.Debug|Any CPU.Build.0 = Debug|Any CPU
		{95A64687-EF58-4DDD-9A9A-E609E8F85056}.Release|Any CPU.ActiveCfg = Release|Any CPU
		{95A64687-EF58-4DDD-9A9A-E609E8F85056}.Release|Any CPU.Build.0 = Release|Any CPU
	EndGlobalSection
	GlobalSection(SolutionProperties) = preSolution
		HideSolutionNode = FALSE
	EndGlobalSection
	GlobalSection(ExtensibilityGlobals) = postSolution
		SolutionGuid = {FB74FE4D-D1D4-4E1F-9EE9-11AC369E3EDB}
	EndGlobalSection
EndGlobal
