
Microsoft Visual Studio Solution File, Format Version 12.00
# Visual Studio Version 17
VisualStudioVersion = 17.3.32825.248
MinimumVisualStudioVersion = 10.0.40219.1
Project("{FAE04EC0-301F-11D3-BF4B-00C04F79EFBC}") = "CompararString", "CompararString\CompararString.csproj", "{1F891DA6-10C4-4875-AE8D-04561C6C18D9}"
EndProject
Global
	GlobalSection(SolutionConfigurationPlatforms) = preSolution
		Debug|Any CPU = Debug|Any CPU
		Release|Any CPU = Release|Any CPU
	EndGlobalSection
	GlobalSection(ProjectConfigurationPlatforms) = postSolution
		{1F891DA6-10C4-4875-AE8D-04561C6C18D9}.Debug|Any CPU.ActiveCfg = Debug|Any CPU
		{1F891DA6-10C4-4875-AE8D-04561C6C18D9}.Debug|Any CPU.Build.0 = Debug|Any CPU
		{1F891DA6-10C4-4875-AE8D-04561C6C18D9}.Release|Any CPU.ActiveCfg = Release|Any CPU
		{1F891DA6-10C4-4875-AE8D-04561C6C18D9}.Release|Any CPU.Build.0 = Release|Any CPU
	EndGlobalSection
	GlobalSection(SolutionProperties) = preSolution
		HideSolutionNode = FALSE
	EndGlobalSection
	GlobalSection(ExtensibilityGlobals) = postSolution
		SolutionGuid = {25247722-2572-4DE0-9410-0DE9BF43DEB1}
	EndGlobalSection
EndGlobal
