
Microsoft Visual Studio Solution File, Format Version 12.00
# Visual Studio Version 17
VisualStudioVersion = 17.3.32825.248
MinimumVisualStudioVersion = 10.0.40219.1
Project("{FAE04EC0-301F-11D3-BF4B-00C04F79EFBC}") = "06", "06\06.csproj", "{2610A650-B886-470F-86EC-8A7D3EA51429}"
EndProject
Global
	GlobalSection(SolutionConfigurationPlatforms) = preSolution
		Debug|Any CPU = Debug|Any CPU
		Release|Any CPU = Release|Any CPU
	EndGlobalSection
	GlobalSection(ProjectConfigurationPlatforms) = postSolution
		{2610A650-B886-470F-86EC-8A7D3EA51429}.Debug|Any CPU.ActiveCfg = Debug|Any CPU
		{2610A650-B886-470F-86EC-8A7D3EA51429}.Debug|Any CPU.Build.0 = Debug|Any CPU
		{2610A650-B886-470F-86EC-8A7D3EA51429}.Release|Any CPU.ActiveCfg = Release|Any CPU
		{2610A650-B886-470F-86EC-8A7D3EA51429}.Release|Any CPU.Build.0 = Release|Any CPU
	EndGlobalSection
	GlobalSection(SolutionProperties) = preSolution
		HideSolutionNode = FALSE
	EndGlobalSection
	GlobalSection(ExtensibilityGlobals) = postSolution
		SolutionGuid = {38422A68-2520-4293-8373-5ED259B18668}
	EndGlobalSection
EndGlobal
