
Microsoft Visual Studio Solution File, Format Version 12.00
# Visual Studio Version 17
VisualStudioVersion = 17.2.32602.215
MinimumVisualStudioVersion = 10.0.40219.1
Project("{FAE04EC0-301F-11D3-BF4B-00C04F79EFBC}") = "ReverterString", "ReverterString\ReverterString.csproj", "{961A2CE8-E98A-4A3C-A481-3E7A316E2B98}"
EndProject
Global
	GlobalSection(SolutionConfigurationPlatforms) = preSolution
		Debug|Any CPU = Debug|Any CPU
		Release|Any CPU = Release|Any CPU
	EndGlobalSection
	GlobalSection(ProjectConfigurationPlatforms) = postSolution
		{961A2CE8-E98A-4A3C-A481-3E7A316E2B98}.Debug|Any CPU.ActiveCfg = Debug|Any CPU
		{961A2CE8-E98A-4A3C-A481-3E7A316E2B98}.Debug|Any CPU.Build.0 = Debug|Any CPU
		{961A2CE8-E98A-4A3C-A481-3E7A316E2B98}.Release|Any CPU.ActiveCfg = Release|Any CPU
		{961A2CE8-E98A-4A3C-A481-3E7A316E2B98}.Release|Any CPU.Build.0 = Release|Any CPU
	EndGlobalSection
	GlobalSection(SolutionProperties) = preSolution
		HideSolutionNode = FALSE
	EndGlobalSection
	GlobalSection(ExtensibilityGlobals) = postSolution
		SolutionGuid = {B7DB9DC1-0EF7-4422-B81F-BB89A90F6721}
	EndGlobalSection
EndGlobal
