
Microsoft Visual Studio Solution File, Format Version 12.00
# Visual Studio Version 17
VisualStudioVersion = 17.3.32929.385
MinimumVisualStudioVersion = 10.0.40219.1
Project("{FAE04EC0-301F-11D3-BF4B-00C04F79EFBC}") = "MetodosOrdenacao01", "MetodosOrdenacao01\MetodosOrdenacao01.csproj", "{84D8FADF-E929-4B9B-B4DC-82998696DFAB}"
EndProject
Global
	GlobalSection(SolutionConfigurationPlatforms) = preSolution
		Debug|Any CPU = Debug|Any CPU
		Release|Any CPU = Release|Any CPU
	EndGlobalSection
	GlobalSection(ProjectConfigurationPlatforms) = postSolution
		{84D8FADF-E929-4B9B-B4DC-82998696DFAB}.Debug|Any CPU.ActiveCfg = Debug|Any CPU
		{84D8FADF-E929-4B9B-B4DC-82998696DFAB}.Debug|Any CPU.Build.0 = Debug|Any CPU
		{84D8FADF-E929-4B9B-B4DC-82998696DFAB}.Release|Any CPU.ActiveCfg = Release|Any CPU
		{84D8FADF-E929-4B9B-B4DC-82998696DFAB}.Release|Any CPU.Build.0 = Release|Any CPU
	EndGlobalSection
	GlobalSection(SolutionProperties) = preSolution
		HideSolutionNode = FALSE
	EndGlobalSection
	GlobalSection(ExtensibilityGlobals) = postSolution
		SolutionGuid = {F2FDAFC4-B293-4197-9E87-878B9723F0B1}
	EndGlobalSection
EndGlobal
