
Microsoft Visual Studio Solution File, Format Version 12.00
# Visual Studio Version 17
VisualStudioVersion = 17.3.32929.385
MinimumVisualStudioVersion = 10.0.40219.1
Project("{FAE04EC0-301F-11D3-BF4B-00C04F79EFBC}") = "05", "05\05.csproj", "{A41AA3CA-381A-43CF-B68E-8B287CE68497}"
EndProject
Global
	GlobalSection(SolutionConfigurationPlatforms) = preSolution
		Debug|Any CPU = Debug|Any CPU
		Release|Any CPU = Release|Any CPU
	EndGlobalSection
	GlobalSection(ProjectConfigurationPlatforms) = postSolution
		{A41AA3CA-381A-43CF-B68E-8B287CE68497}.Debug|Any CPU.ActiveCfg = Debug|Any CPU
		{A41AA3CA-381A-43CF-B68E-8B287CE68497}.Debug|Any CPU.Build.0 = Debug|Any CPU
		{A41AA3CA-381A-43CF-B68E-8B287CE68497}.Release|Any CPU.ActiveCfg = Release|Any CPU
		{A41AA3CA-381A-43CF-B68E-8B287CE68497}.Release|Any CPU.Build.0 = Release|Any CPU
	EndGlobalSection
	GlobalSection(SolutionProperties) = preSolution
		HideSolutionNode = FALSE
	EndGlobalSection
	GlobalSection(ExtensibilityGlobals) = postSolution
		SolutionGuid = {F2E7D141-34FE-417D-8285-89874DADFF2D}
	EndGlobalSection
EndGlobal
